
Microsoft Visual Studio Solution File, Format Version 12.00
# Visual Studio 15
VisualStudioVersion = 15.0.27130.2010
MinimumVisualStudioVersion = 10.0.40219.1
Project("{FAE04EC0-301F-11D3-BF4B-00C04F79EFBC}") = "open-erp", "open-erp\open-erp.csproj", "{FF4D7C59-8DAB-4105-B6FC-E8F38C101022}"
EndProject
Project("{9A19103F-16F7-4668-BE54-9A1E7A4F7556}") = "socket", "socket\socket.csproj", "{A3709ABE-AFBB-430F-A21F-6F2526CFD4C2}"
EndProject
Project("{FAE04EC0-301F-11D3-BF4B-00C04F79EFBC}") = "test", "test\test.csproj", "{765224A5-62B1-49CE-8D42-105FF122701D}"
EndProject
Global
	GlobalSection(SolutionConfigurationPlatforms) = preSolution
		Debug|Any CPU = Debug|Any CPU
		Debug|ARM = Debug|ARM
		Debug|x64 = Debug|x64
		Debug|x86 = Debug|x86
		Release|Any CPU = Release|Any CPU
		Release|ARM = Release|ARM
		Release|x64 = Release|x64
		Release|x86 = Release|x86
	EndGlobalSection
	GlobalSection(ProjectConfigurationPlatforms) = postSolution
		{FF4D7C59-8DAB-4105-B6FC-E8F38C101022}.Debug|Any CPU.ActiveCfg = Debug|Any CPU
		{FF4D7C59-8DAB-4105-B6FC-E8F38C101022}.Debug|Any CPU.Build.0 = Debug|Any CPU
		{FF4D7C59-8DAB-4105-B6FC-E8F38C101022}.Debug|ARM.ActiveCfg = Debug|Any CPU
		{FF4D7C59-8DAB-4105-B6FC-E8F38C101022}.Debug|ARM.Build.0 = Debug|Any CPU
		{FF4D7C59-8DAB-4105-B6FC-E8F38C101022}.Debug|x64.ActiveCfg = Debug|Any CPU
		{FF4D7C59-8DAB-4105-B6FC-E8F38C101022}.Debug|x64.Build.0 = Debug|Any CPU
		{FF4D7C59-8DAB-4105-B6FC-E8F38C101022}.Debug|x86.ActiveCfg = Debug|Any CPU
		{FF4D7C59-8DAB-4105-B6FC-E8F38C101022}.Debug|x86.Build.0 = Debug|Any CPU
		{FF4D7C59-8DAB-4105-B6FC-E8F38C101022}.Release|Any CPU.ActiveCfg = Release|Any CPU
		{FF4D7C59-8DAB-4105-B6FC-E8F38C101022}.Release|Any CPU.Build.0 = Release|Any CPU
		{FF4D7C59-8DAB-4105-B6FC-E8F38C101022}.Release|ARM.ActiveCfg = Release|Any CPU
		{FF4D7C59-8DAB-4105-B6FC-E8F38C101022}.Release|ARM.Build.0 = Release|Any CPU
		{FF4D7C59-8DAB-4105-B6FC-E8F38C101022}.Release|x64.ActiveCfg = Release|Any CPU
		{FF4D7C59-8DAB-4105-B6FC-E8F38C101022}.Release|x64.Build.0 = Release|Any CPU
		{FF4D7C59-8DAB-4105-B6FC-E8F38C101022}.Release|x86.ActiveCfg = Release|Any CPU
		{FF4D7C59-8DAB-4105-B6FC-E8F38C101022}.Release|x86.Build.0 = Release|Any CPU
		{A3709ABE-AFBB-430F-A21F-6F2526CFD4C2}.Debug|Any CPU.ActiveCfg = Debug|Any CPU
		{A3709ABE-AFBB-430F-A21F-6F2526CFD4C2}.Debug|Any CPU.Build.0 = Debug|Any CPU
		{A3709ABE-AFBB-430F-A21F-6F2526CFD4C2}.Debug|ARM.ActiveCfg = Debug|Any CPU
		{A3709ABE-AFBB-430F-A21F-6F2526CFD4C2}.Debug|ARM.Build.0 = Debug|Any CPU
		{A3709ABE-AFBB-430F-A21F-6F2526CFD4C2}.Debug|x64.ActiveCfg = Debug|Any CPU
		{A3709ABE-AFBB-430F-A21F-6F2526CFD4C2}.Debug|x64.Build.0 = Debug|Any CPU
		{A3709ABE-AFBB-430F-A21F-6F2526CFD4C2}.Debug|x86.ActiveCfg = Debug|Any CPU
		{A3709ABE-AFBB-430F-A21F-6F2526CFD4C2}.Debug|x86.Build.0 = Debug|Any CPU
		{A3709ABE-AFBB-430F-A21F-6F2526CFD4C2}.Release|Any CPU.ActiveCfg = Release|Any CPU
		{A3709ABE-AFBB-430F-A21F-6F2526CFD4C2}.Release|Any CPU.Build.0 = Release|Any CPU
		{A3709ABE-AFBB-430F-A21F-6F2526CFD4C2}.Release|ARM.ActiveCfg = Release|Any CPU
		{A3709ABE-AFBB-430F-A21F-6F2526CFD4C2}.Release|ARM.Build.0 = Release|Any CPU
		{A3709ABE-AFBB-430F-A21F-6F2526CFD4C2}.Release|x64.ActiveCfg = Release|Any CPU
		{A3709ABE-AFBB-430F-A21F-6F2526CFD4C2}.Release|x64.Build.0 = Release|Any CPU
		{A3709ABE-AFBB-430F-A21F-6F2526CFD4C2}.Release|x86.ActiveCfg = Release|Any CPU
		{A3709ABE-AFBB-430F-A21F-6F2526CFD4C2}.Release|x86.Build.0 = Release|Any CPU
		{765224A5-62B1-49CE-8D42-105FF122701D}.Debug|Any CPU.ActiveCfg = Debug|Any CPU
		{765224A5-62B1-49CE-8D42-105FF122701D}.Debug|Any CPU.Build.0 = Debug|Any CPU
		{765224A5-62B1-49CE-8D42-105FF122701D}.Debug|ARM.ActiveCfg = Debug|Any CPU
		{765224A5-62B1-49CE-8D42-105FF122701D}.Debug|ARM.Build.0 = Debug|Any CPU
		{765224A5-62B1-49CE-8D42-105FF122701D}.Debug|x64.ActiveCfg = Debug|Any CPU
		{765224A5-62B1-49CE-8D42-105FF122701D}.Debug|x64.Build.0 = Debug|Any CPU
		{765224A5-62B1-49CE-8D42-105FF122701D}.Debug|x86.ActiveCfg = Debug|Any CPU
		{765224A5-62B1-49CE-8D42-105FF122701D}.Debug|x86.Build.0 = Debug|Any CPU
		{765224A5-62B1-49CE-8D42-105FF122701D}.Release|Any CPU.ActiveCfg = Release|Any CPU
		{765224A5-62B1-49CE-8D42-105FF122701D}.Release|Any CPU.Build.0 = Release|Any CPU
		{765224A5-62B1-49CE-8D42-105FF122701D}.Release|ARM.ActiveCfg = Release|Any CPU
		{765224A5-62B1-49CE-8D42-105FF122701D}.Release|ARM.Build.0 = Release|Any CPU
		{765224A5-62B1-49CE-8D42-105FF122701D}.Release|x64.ActiveCfg = Release|Any CPU
		{765224A5-62B1-49CE-8D42-105FF122701D}.Release|x64.Build.0 = Release|Any CPU
		{765224A5-62B1-49CE-8D42-105FF122701D}.Release|x86.ActiveCfg = Release|Any CPU
		{765224A5-62B1-49CE-8D42-105FF122701D}.Release|x86.Build.0 = Release|Any CPU
	EndGlobalSection
	GlobalSection(SolutionProperties) = preSolution
		HideSolutionNode = FALSE
	EndGlobalSection
	GlobalSection(ExtensibilityGlobals) = postSolution
		SolutionGuid = {0EEF09FC-431B-464A-95EF-FCEAE5DB4A83}
	EndGlobalSection
EndGlobal
